
Microsoft Visual Studio Solution File, Format Version 12.00
# Visual Studio Version 18
VisualStudioVersion = 18.3.11520.95
MinimumVisualStudioVersion = 10.0.40219.1
Project("{FAE04EC0-301F-11D3-BF4B-00C04F79EFBC}") = "Payroll_Application", "Payroll_Application\Payroll_Application.csproj", "{138FAAD1-6156-4102-A8EB-2CF69923D917}"
EndProject
Global
	GlobalSection(SolutionConfigurationPlatforms) = preSolution
		Debug|Any CPU = Debug|Any CPU
		Release|Any CPU = Release|Any CPU
	EndGlobalSection
	GlobalSection(ProjectConfigurationPlatforms) = postSolution
		{138FAAD1-6156-4102-A8EB-2CF69923D917}.Debug|Any CPU.ActiveCfg = Debug|Any CPU
		{138FAAD1-6156-4102-A8EB-2CF69923D917}.Debug|Any CPU.Build.0 = Debug|Any CPU
		{138FAAD1-6156-4102-A8EB-2CF69923D917}.Release|Any CPU.ActiveCfg = Release|Any CPU
		{138FAAD1-6156-4102-A8EB-2CF69923D917}.Release|Any CPU.Build.0 = Release|Any CPU
	EndGlobalSection
	GlobalSection(SolutionProperties) = preSolution
		HideSolutionNode = FALSE
	EndGlobalSection
	GlobalSection(ExtensibilityGlobals) = postSolution
		SolutionGuid = {2711C0F9-7A57-48DE-BAFC-FE028528E003}
	EndGlobalSection
EndGlobal
