
Microsoft Visual Studio Solution File, Format Version 12.00
# Visual Studio Version 17
VisualStudioVersion = 17.14.36203.30 d17.14
MinimumVisualStudioVersion = 10.0.40219.1
Project("{FAE04EC0-301F-11D3-BF4B-00C04F79EFBC}") = "Payroll", "Payroll\Payroll.csproj", "{DE909FE4-5B1C-4DC1-BB8F-2EF3E5F3FDBA}"
EndProject
Global
	GlobalSection(SolutionConfigurationPlatforms) = preSolution
		Debug|Any CPU = Debug|Any CPU
		Release|Any CPU = Release|Any CPU
	EndGlobalSection
	GlobalSection(ProjectConfigurationPlatforms) = postSolution
		{DE909FE4-5B1C-4DC1-BB8F-2EF3E5F3FDBA}.Debug|Any CPU.ActiveCfg = Debug|Any CPU
		{DE909FE4-5B1C-4DC1-BB8F-2EF3E5F3FDBA}.Debug|Any CPU.Build.0 = Debug|Any CPU
		{DE909FE4-5B1C-4DC1-BB8F-2EF3E5F3FDBA}.Release|Any CPU.ActiveCfg = Release|Any CPU
		{DE909FE4-5B1C-4DC1-BB8F-2EF3E5F3FDBA}.Release|Any CPU.Build.0 = Release|Any CPU
	EndGlobalSection
	GlobalSection(SolutionProperties) = preSolution
		HideSolutionNode = FALSE
	EndGlobalSection
	GlobalSection(ExtensibilityGlobals) = postSolution
		SolutionGuid = {57EF92C4-D368-46CD-ACB9-9E6DAC78307A}
	EndGlobalSection
EndGlobal
